PODS:
  - Bolts/Tasks (1.5.0)
  - GoogleMaps (1.11.0)
  - Parse (1.9.1):
    - Bolts/Tasks (>= 1.4.0)

DEPENDENCIES:
  - GoogleMaps
  - Parse

SPEC CHECKSUMS:
  Bolts: 722ab9a4f8b50fc4ed1b9998a5a7a2b3f16d80b4
  GoogleMaps: 272cf7e7b8aacf4319eac47d57f3b7d142c0826a
  Parse: 54a965c8c19a6dde90284ab654dbcc77ef8c001b

COCOAPODS: 0.39.0
